{
  "lockfileVersion": 1,
  "configVersion": 1,
  "workspaces": {
    "": {
      "name": "@spotter-everywhere/spotter-embed",
      "dependencies": {
        "@thoughtspot/visual-embed-sdk": "1.52.1",
      },
      "devDependencies": {
        "@types/bun": "1.4.2",
      },
    },
  },
  "packages": {
    "@babel/runtime": ["@babel/runtime@7.29.7", "", {}, "sha512-Nq8OhGWiZIZGV6hLHoyAKLLcJihP/xFeBMGJoUrxTX2psI8dCifzLhZISFb+VWS3wFMRDmCGw5R+dOySCqPLhw=="],

    "@thoughtspot/visual-embed-sdk": ["@thoughtspot/visual-embed-sdk@1.52.1", "", { "dependencies": { "classnames": "^2.3.1", "eventemitter3": "^4.0.7", "lodash": "^4.18.1", "mixpanel-browser": "2.47.0", "ts-deepmerge": "^8.0.0", "tslib": "^2.5.3", "use-deep-compare-effect": "^1.8.1", "yaml": "^2.9.0" }, "peerDependencies": { "react": "> 16.8.0", "react-dom": "> 16.8.0" } }, "sha512-TM0M1g/JPWMVVIiJOEGucdtQ6Zauj7riTT1zofTB9mimr1FkKvOIPbYRIJASuNe7oCy4GNxjmNWfOZiPZWr4Jg=="],

    "@types/bun": ["@types/bun@1.4.2", "", { "dependencies": { "bun-types": "1.4.2" } }, "sha512-GimotNn7+ZV0uVArItBbriZsR1oNf0+WTzPkdcFrzShI7k2norL0uzEaJT8T33dWr7O/c9ZDuAFQrctKCi72oQ=="],

    "@types/node": ["@types/node@26.6.2", "", { "dependencies": { "undici-types": "~8.9.0" } }, "sha512-X1P21scMv4zGKLYqjdGjaKa7COa0RKVYYZZN/NfvLQ1JegxFhdhpZG/Lyn8AXx6CDUavKAd11v6BvfpkDByK8g=="],

    "bun-types": ["bun-types@1.4.2", "", { "dependencies": { "@types/node": "*" } }, "sha512-bxV1FgK7yBIzjRe5zBozIM4Bem11ZJcCXSrjWRG3YWLt8yFDePu4cLjpebO8OvPeIE9trbyPF4fuj3Cia4Fj3w=="],

    "classnames": ["classnames@2.5.1", "", {}, "sha512-saHYOzhIQs6wy2sVxTM6bUDsQO4F50V9RQ22qBpEdCW+I+/Wmke2HOl6lS6dTpdxVhb88/I6+Hs+438c3lfUow=="],

    "dequal": ["dequal@2.0.3", "", {}, "sha512-0je+qPKHEMohvfRTCEo3CrPG6cAzAYgmzKyxRiYSSDkS6eGJdyVJm7WaYA5ECaAD9wLB2T4EEeymA5aFVcYXCA=="],

    "eventemitter3": ["eventemitter3@4.0.7", "", {}, "sha512-8guHBZCwKnFhYdHr2ysuRWErTwhoN2X8XELRlrRwpmfeY2jjuUN4taQMsULKUVo1K4DvZl+0pgfyoysHxvmvEw=="],

    "lodash": ["lodash@4.18.1", "", {}, "sha512-dMInicTPVE8d1e5otfwmmjlxkZoUpiVLwyeTdUsi/Caj/gfzzblBcCE5sRHV/AsjuCmxWrte2TNGSYuCeCq+0Q=="],

    "mixpanel-browser": ["mixpanel-browser@2.47.0", "", {}, "sha512-Ldrva0fRBEIFWmEibBQO1PulfpJVF3pf28Guk09lDirDaSQqqU/xs9zQLwN2rL5VwVtsP1aD3JaCgaa98EjojQ=="],

    "react": ["react@19.3.0", "", {}, "sha512-E8LUcbtBWt20bbl2YoHfx4ZDBdxVTfOKtCZn9cDSJ4l6/nuoApcpIBcj47t2wZoVX8g2ZHuMHbiShgCR1T5Sog=="],

    "react-dom": ["react-dom@19.3.0", "", { "dependencies": { "scheduler": "^0.28.0" }, "peerDependencies": { "react": "^19.3.0" } }, "sha512-JDk8dgif51OjFoDE70+OT9ICyYr+69HlmihNwp1+Nsfbna3t5sIiCa9ZJktDmQ4/1b/rn26hIAR2uYXDMr5r0Q=="],

    "scheduler": ["scheduler@0.28.0", "", {}, "sha512-juorfCmIkIw8tT+p5BXSm6PJjQF/ycEYmKyzURCIt/RaZIhL+PulbQ9Yu2z1HdOJDdqDTlxA1+xKBmHXJsczAw=="],

    "ts-deepmerge": ["ts-deepmerge@8.0.0", "", {}, "sha512-133O+10nJmVI8w5xeVZPEv5PIrv7iaUae07wv1aH8XJH95Ur6YIhWAPhPyP1YPlbPS9fCVcNIZTu7m8urRVF0A=="],

    "tslib": ["tslib@2.8.1", "", {}, "sha512-oJFu94HQb+KVduSUQL7wnpmqnfmLsOA/nAh6b6EH0wCEoK0/mPeXU6c3wKDV83MkOuHPRHtSXKKU99IBazS/2w=="],

    "undici-types": ["undici-types@8.9.0", "", {}, "sha512-KTDyRTYX8sWmKXAikPHHSyc63CRPETMctyjKFupcC6OBLXT3xsN0e9aF7m+mIXutFWpUXuedtowG7iLOzp0kQg=="],

    "use-deep-compare-effect": ["use-deep-compare-effect@1.8.1", "", { "dependencies": { "@babel/runtime": "^7.12.5", "dequal": "^2.0.2" }, "peerDependencies": { "react": ">=16.13" } }, "sha512-kbeNVZ9Zkc0RFGpfMN3MNfaKNvcLNyxOAAd9O4CBZ+kCBXXscn9s/4I+8ytUER4RDpEYs5+O6Rs4PqiZ+rHr5Q=="],

    "yaml": ["yaml@2.9.1", "", { "bin": { "yaml": "bin.mjs" } }, "sha512-3NxN8+78OdzbT7C/WjGsyfPAtJaN3FNDsWxv7Y7mcDsT/oOmgW8BpyQQFFBnvZE3j9Y2Sdz1ULFLezL7Eb2yFw=="],
  }
}
